
Microsoft Visual Studio Solution File, Format Version 12.00
# Visual Studio Version 17
VisualStudioVersion = 17.0.31521.260
MinimumVisualStudioVersion = 10.0.40219.1
Project("{9A19103F-16F7-4668-BE54-9A1E7A4F7556}") = "Models", "Models\Models.csproj", "{B0D0F7D7-43E9-46A9-8F94-380A7CD1F47C}"
EndProject
Project("{9A19103F-16F7-4668-BE54-9A1E7A4F7556}") = "Services", "Services\Services.csproj", "{7285EFF0-F3A1-441C-8E19-E4735303C4FF}"
EndProject
Project("{9A19103F-16F7-4668-BE54-9A1E7A4F7556}") = "testing", "testing\testing.csproj", "{BB6706F4-D2A6-4BC2-8F45-E72A7B3DE0FD}"
EndProject
Project("{FAE04EC0-301F-11D3-BF4B-00C04F79EFBC}") = "Utilities", "Utilities\Utilities.csproj", "{3409E1DE-3BF8-43EB-AE46-0CAFE6F6BFD8}"
EndProject
Global
	GlobalSection(SolutionConfigurationPlatforms) = preSolution
		Debug|Any CPU = Debug|Any CPU
		Release|Any CPU = Release|Any CPU
	EndGlobalSection
	GlobalSection(ProjectConfigurationPlatforms) = postSolution
		{B0D0F7D7-43E9-46A9-8F94-380A7CD1F47C}.Debug|Any CPU.ActiveCfg = Debug|Any CPU
		{B0D0F7D7-43E9-46A9-8F94-380A7CD1F47C}.Debug|Any CPU.Build.0 = Debug|Any CPU
		{B0D0F7D7-43E9-46A9-8F94-380A7CD1F47C}.Release|Any CPU.ActiveCfg = Release|Any CPU
		{B0D0F7D7-43E9-46A9-8F94-380A7CD1F47C}.Release|Any CPU.Build.0 = Release|Any CPU
		{7285EFF0-F3A1-441C-8E19-E4735303C4FF}.Debug|Any CPU.ActiveCfg = Debug|Any CPU
		{7285EFF0-F3A1-441C-8E19-E4735303C4FF}.Debug|Any CPU.Build.0 = Debug|Any CPU
		{7285EFF0-F3A1-441C-8E19-E4735303C4FF}.Release|Any CPU.ActiveCfg = Release|Any CPU
		{7285EFF0-F3A1-441C-8E19-E4735303C4FF}.Release|Any CPU.Build.0 = Release|Any CPU
		{BB6706F4-D2A6-4BC2-8F45-E72A7B3DE0FD}.Debug|Any CPU.ActiveCfg = Debug|Any CPU
		{BB6706F4-D2A6-4BC2-8F45-E72A7B3DE0FD}.Debug|Any CPU.Build.0 = Debug|Any CPU
		{BB6706F4-D2A6-4BC2-8F45-E72A7B3DE0FD}.Release|Any CPU.ActiveCfg = Release|Any CPU
		{BB6706F4-D2A6-4BC2-8F45-E72A7B3DE0FD}.Release|Any CPU.Build.0 = Release|Any CPU
		{3409E1DE-3BF8-43EB-AE46-0CAFE6F6BFD8}.Debug|Any CPU.ActiveCfg = Debug|Any CPU
		{3409E1DE-3BF8-43EB-AE46-0CAFE6F6BFD8}.Debug|Any CPU.Build.0 = Debug|Any CPU
		{3409E1DE-3BF8-43EB-AE46-0CAFE6F6BFD8}.Release|Any CPU.ActiveCfg = Release|Any CPU
		{3409E1DE-3BF8-43EB-AE46-0CAFE6F6BFD8}.Release|Any CPU.Build.0 = Release|Any CPU
	EndGlobalSection
	GlobalSection(SolutionProperties) = preSolution
		HideSolutionNode = FALSE
	EndGlobalSection
	GlobalSection(ExtensibilityGlobals) = postSolution
		SolutionGuid = {3A785B5C-E91A-4313-B08E-079150D0293E}
	EndGlobalSection
EndGlobal
